
Microsoft Visual Studio Solution File, Format Version 12.00
# Visual Studio Version 16
VisualStudioVersion = 16.0.30204.135
MinimumVisualStudioVersion = 10.0.40219.1
Project("{bd68cb03-1e22-47bb-a68c-878f1085da06}") = "magic-link-ng-dotnet", "magic-link-ng-dotnet.csproj", "{bd68cb03-1e22-47bb-a68c-878f1085da06}"
         
EndProject
